// !$*UTF8*$!
{
	archiveVersion = 1;
	classes = {
	};
	objectVersion = 50;
	objects = {

/* Begin PBXBuildFile section */
		53552C3423A16EC400CA37F5 /* AppDelegate.swift in Sources */ = {isa = PBXBuildFile; fileRef = 53552C3323A16EC400CA37F5 /* AppDelegate.swift */; };
		53552C3623A16EC400CA37F5 /* SceneDelegate.swift in Sources */ = {isa = PBXBuildFile; fileRef = 53552C3523A16EC400CA37F5 /* SceneDelegate.swift */; };
		53552C3823A16EC400CA37F5 /* BrowserViewController.swift in Sources */ = {isa = PBXBuildFile; fileRef = 53552C3723A16EC400CA37F5 /* BrowserViewController.swift */; };
		53552C3B23A16EC400CA37F5 /* Main.storyboard in Resources */ = {isa = PBXBuildFile; fileRef = 53552C3923A16EC400CA37F5 /* Main.storyboard */; };
		53552C3D23A16EC500CA37F5 /* Assets.xcassets in Resources */ = {isa = PBXBuildFile; fileRef = 53552C3C23A16EC500CA37F5 /* Assets.xcassets */; };
		53552C4023A16EC500CA37F5 /* LaunchScreen.storyboard in Resources */ = {isa = PBXBuildFile; fileRef = 53552C3E23A16EC500CA37F5 /* LaunchScreen.storyboard */; };
		53552C4823A17EA000CA37F5 /* WebsitesViewController.swift in Sources */ = {isa = PBXBuildFile; fileRef = 53552C4723A17EA000CA37F5 /* WebsitesViewController.swift */; };
/* End PBXBuildFile section */

/* Begin PBXFileReference section */
		53552C3023A16EC400CA37F5 /* Project 4.app */ = {isa = PBXFileReference; explicitFileType = wrapper.application; includeInIndex = 0; path = "Project 4.app"; sourceTree = BUILT_PRODUCTS_DIR; };
		53552C3323A16EC400CA37F5 /* AppDelegate.swift */ = {isa = PBXFileReference; lastKnownFileType = sourcecode.swift; path = AppDelegate.swift; sourceTree = "<group>"; };
		53552C3523A16EC400CA37F5 /* SceneDelegate.swift */ = {isa = PBXFileReference; lastKnownFileType = sourcecode.swift; path = SceneDelegate.swift; sourceTree = "<group>"; };
		53552C3723A16EC400CA37F5 /* BrowserViewController.swift */ = {isa = PBXFileReference; lastKnownFileType = sourcecode.swift; path = BrowserViewController.swift; sourceTree = "<group>"; };
		53552C3A23A16EC400CA37F5 /* Base */ = {isa = PBXFileReference; lastKnownFileType = file.storyboard; name = Base; path = Base.lproj/Main.storyboard; sourceTree = "<group>"; };
		53552C3C23A16EC500CA37F5 /* Assets.xcassets */ = {isa = PBXFileReference; lastKnownFileType = folder.assetcatalog; path = Assets.xcassets; sourceTree = "<group>"; };
		53552C3F23A16EC500CA37F5 /* Base */ = {isa = PBXFileReference; lastKnownFileType = file.storyboard; name = Base; path = Base.lproj/LaunchScreen.storyboard; sourceTree = "<group>"; };
		53552C4123A16EC500CA37F5 /* Info.plist */ = {isa = PBXFileReference; lastKnownFileType = text.plist.xml; path = Info.plist; sourceTree = "<group>"; };
		53552C4723A17EA000CA37F5 /* WebsitesViewController.swift */ = {isa = PBXFileReference; lastKnownFileType = sourcecode.swift; path = WebsitesViewController.swift; sourceTree = "<group>"; };
/* End PBXFileReference section */

/* Begin PBXFrameworksBuildPhase section */
		53552C2D23A16EC400CA37F5 /* Frameworks */ = {
			isa = PBXFrameworksBuildPhase;
			buildActionMask = 2147483647;
			files = (
			);
			runOnlyForDeploymentPostprocessing = 0;
		};
/* End PBXFrameworksBuildPhase section */

/* Begin PBXGroup section */
		53552C2723A16EC400CA37F5 = {
			isa = PBXGroup;
			children = (
				53552C3223A16EC400CA37F5 /* Project 4 */,
				53552C3123A16EC400CA37F5 /* Products */,
			);
			sourceTree = "<group>";
		};
		53552C3123A16EC400CA37F5 /* Products */ = {
			isa = PBXGroup;
			children = (
				53552C3023A16EC400CA37F5 /* Project 4.app */,
			);
			name = Products;
			sourceTree = "<group>";
		};
		53552C3223A16EC400CA37F5 /* Project 4 */ = {
			isa = PBXGroup;
			children = (
				53552C3323A16EC400CA37F5 /* AppDelegate.swift */,
				53552C3523A16EC400CA37F5 /* SceneDelegate.swift */,
				53552C3723A16EC400CA37F5 /* BrowserViewController.swift */,
				53552C4723A17EA000CA37F5 /* WebsitesViewController.swift */,
				53552C3923A16EC400CA37F5 /* Main.storyboard */,
				53552C3C23A16EC500CA37F5 /* Assets.xcassets */,
				53552C3E23A16EC500CA37F5 /* LaunchScreen.storyboard */,
				53552C4123A16EC500CA37F5 /* Info.plist */,
			);
			path = "Project 4";
			sourceTree = "<group>";
		};
/* End PBXGroup section */

/* Begin PBXNativeTarget section */
		53552C2F23A16EC400CA37F5 /* Project 4 */ = {
			isa = PBXNativeTarget;
			buildConfigurationList = 53552C4423A16EC500CA37F5 /* Build configuration list for PBXNativeTarget "Project 4" */;
			buildPhases = (
				53552C2C23A16EC400CA37F5 /* Sources */,
				53552C2D23A16EC400CA37F5 /* Frameworks */,
				53552C2E23A16EC400CA37F5 /* Resources */,
			);
			buildRules = (
			);
			dependencies = (
			);
			name = "Project 4";
			productName = "Project 4";
			productReference = 53552C3023A16EC400CA37F5 /* Project 4.app */;
			productType = "com.apple.product-type.application";
		};
/* End PBXNativeTarget section */

/* Begin PBXProject section */
		53552C2823A16EC400CA37F5 /* Project object */ = {
			isa = PBXProject;
			attributes = {
				LastSwiftUpdateCheck = 1130;
				LastUpgradeCheck = 1130;
				ORGANIZATIONNAME = Andavazgar;
				TargetAttributes = {
					53552C2F23A16EC400CA37F5 = {
						CreatedOnToolsVersion = 11.3;
					};
				};
			};
			buildConfigurationList = 53552C2B23A16EC400CA37F5 /* Build configuration list for PBXProject "Project 4" */;
			compatibilityVersion = "Xcode 9.3";
			developmentRegion = en;
			hasScannedForEncodings = 0;
			knownRegions = (
				en,
				Base,
			);
			mainGroup = 53552C2723A16EC400CA37F5;
			productRefGroup = 53552C3123A16EC400CA37F5 /* Products */;
			projectDirPath = "";
			projectRoot = "";
			targets = (
				53552C2F23A16EC400CA37F5 /* Project 4 */,
			);
		};
/* End PBXProject section */

/* Begin PBXResourcesBuildPhase section */
		53552C2E23A16EC400CA37F5 /* Resources */ = {
			isa = PBXResourcesBuildPhase;
			buildActionMask = 2147483647;
			files = (
				53552C4023A16EC500CA37F5 /* LaunchScreen.storyboard in Resources */,
				53552C3D23A16EC500CA37F5 /* Assets.xcassets in Resources */,
				53552C3B23A16EC400CA37F5 /* Main.storyboard in Resources */,
			);
			runOnlyForDeploymentPostprocessing = 0;
		};
/* End PBXResourcesBuildPhase section */

/* Begin PBXSourcesBuildPhase section */
		53552C2C23A16EC400CA37F5 /* Sources */ = {
			isa = PBXSourcesBuildPhase;
			buildActionMask = 2147483647;
			files = (
				53552C4823A17EA000CA37F5 /* WebsitesViewController.swift in Sources */,
				53552C3823A16EC400CA37F5 /* BrowserViewController.swift in Sources */,
				53552C3423A16EC400CA37F5 /* AppDelegate.swift in Sources */,
				53552C3623A16EC400CA37F5 /* SceneDelegate.swift in Sources */,
			);
			runOnlyForDeploymentPostprocessing = 0;
		};
/* End PBXSourcesBuildPhase section */

/* Begin PBXVariantGroup section */
		53552C3923A16EC400CA37F5 /* Main.storyboard */ = {
			isa = PBXVariantGroup;
			children = (
				53552C3A23A16EC400CA37F5 /* Base */,
			);
			name = Main.storyboard;
			sourceTree = "<group>";
		};
		53552C3E23A16EC500CA37F5 /* LaunchScreen.storyboard */ = {
			isa = PBXVariantGroup;
			children = (
				53552C3F23A16EC500CA37F5 /* Base */,
			);
			name = LaunchScreen.storyboard;
			sourceTree = "<group>";
		};
/* End PBXVariantGroup section */

/* Begin XCBuildConfiguration section */
		53552C4223A16EC500CA37F5 /* Debug */ = {
			isa = XCBuildConfiguration;
			buildSettings = {
				ALWAYS_SEARCH_USER_PATHS = NO;
				CLANG_ANALYZER_NONNULL = YES;
				CLANG_ANALYZER_NUMBER_OBJECT_CONVERSION = YES_AGGRESSIVE;
				CLANG_CXX_LANGUAGE_STANDARD = "gnu++14";
				CLANG_CXX_LIBRARY = "libc++";
				CLANG_ENABLE_MODULES = YES;
				CLANG_ENABLE_OBJC_ARC = YES;
				CLANG_ENABLE_OBJC_WEAK = YES;
				CLANG_WARN_BLOCK_CAPTURE_AUTORELEASING = YES;
				CLANG_WARN_BOOL_CONVERSION = YES;
				CLANG_WARN_COMMA = YES;
				CLANG_WARN_CONSTANT_CONVERSION = YES;
				CLANG_WARN_DEPRECATED_OBJC_IMPLEMENTATIONS = YES;
				CLANG_WARN_DIRECT_OBJC_ISA_USAGE = YES_ERROR;
				CLANG_WARN_DOCUMENTATION_COMMENTS = YES;
				CLANG_WARN_EMPTY_BODY = YES;
				CLANG_WARN_ENUM_CONVERSION = YES;
				CLANG_WARN_INFINITE_RECURSION = YES;
				CLANG_WARN_INT_CONVERSION = YES;
				CLANG_WARN_NON_LITERAL_NULL_CONVERSION = YES;
				CLANG_WARN_OBJC_IMPLICIT_RETAIN_SELF = YES;
				CLANG_WARN_OBJC_LITERAL_CONVERSION = YES;
				CLANG_WARN_OBJC_ROOT_CLASS = YES_ERROR;
				CLANG_WARN_RANGE_LOOP_ANALYSIS = YES;
				CLANG_WARN_STRICT_PROTOTYPES = YES;
				CLANG_WARN_SUSPICIOUS_MOVE = YES;
				CLANG_WARN_UNGUARDED_AVAILABILITY = YES_AGGRESSIVE;
				CLANG_WARN_UNREACHABLE_CODE = YES;
				CLANG_WARN__DUPLICATE_METHOD_MATCH = YES;
				COPY_PHASE_STRIP = NO;
				DEBUG_INFORMATION_FORMAT = dwarf;
				ENABLE_STRICT_OBJC_MSGSEND = YES;
				ENABLE_TESTABILITY = YES;
				GCC_C_LANGUAGE_STANDARD = gnu11;
				GCC_DYNAMIC_NO_PIC = NO;
				GCC_NO_COMMON_BLOCKS = YES;
				GCC_OPTIMIZATION_LEVEL = 0;
				GCC_PREPROCESSOR_DEFINITIONS = (
					"DEBUG=1",
					"$(inherited)",
				);
				GCC_WARN_64_TO_32_BIT_CONVERSION = YES;
				GCC_WARN_ABOUT_RETURN_TYPE = YES_ERROR;
				GCC_WARN_UNDECLARED_SELECTOR = YES;
				GCC_WARN_UNINITIALIZED_AUTOS = YES_AGGRESSIVE;
				GCC_WARN_UNUSED_FUNCTION = YES;
				GCC_WARN_UNUSED_VARIABLE = YES;
				IPHONEOS_DEPLOYMENT_TARGET = 13.2;
				MTL_ENABLE_DEBUG_INFO = INCLUDE_SOURCE;
				MTL_FAST_MATH = YES;
				ONLY_ACTIVE_ARCH = YES;
				SDKROOT = iphoneos;
				SWIFT_ACTIVE_COMPILATION_CONDITIONS = DEBUG;
				SWIFT_OPTIMIZATION_LEVEL = "-Onone";
			};
			name = Debug;
		};
		53552C4323A16EC500CA37F5 /* Release */ = {
			isa = XCBuildConfiguration;
			buildSettings = {
				ALWAYS_SEARCH_USER_PATHS = NO;
				CLANG_ANALYZER_NONNULL = YES;
				CLANG_ANALYZER_NUMBER_OBJECT_CONVERSION = YES_AGGRESSIVE;
				CLANG_CXX_LANGUAGE_STANDARD = "gnu++14";
				CLANG_CXX_LIBRARY = "libc++";
				CLANG_ENABLE_MODULES = YES;
				CLANG_ENABLE_OBJC_ARC = YES;
				CLANG_ENABLE_OBJC_WEAK = YES;
				CLANG_WARN_BLOCK_CAPTURE_AUTORELEASING = YES;
				CLANG_WARN_BOOL_CONVERSION = YES;
				CLANG_WARN_COMMA = YES;
				CLANG_WARN_CONSTANT_CONVERSION = YES;
				CLANG_WARN_DEPRECATED_OBJC_IMPLEMENTATIONS = YES;
				CLANG_WARN_DIRECT_OBJC_ISA_USAGE = YES_ERROR;
				CLANG_WARN_DOCUMENTATION_COMMENTS = YES;
				CLANG_WARN_EMPTY_BODY = YES;
				CLANG_WARN_ENUM_CONVERSION = YES;
				CLANG_WARN_INFINITE_RECURSION = YES;
				CLANG_WARN_INT_CONVERSION = YES;
				CLANG_WARN_NON_LITERAL_NULL_CONVERSION = YES;
				CLANG_WARN_OBJC_IMPLICIT_RETAIN_SELF = YES;
				CLANG_WARN_OBJC_LITERAL_CONVERSION = YES;
				CLANG_WARN_OBJC_ROOT_CLASS = YES_ERROR;
				CLANG_WARN_RANGE_LOOP_ANALYSIS = YES;
				CLANG_WARN_STRICT_PROTOTYPES = YES;
				CLANG_WARN_SUSPICIOUS_MOVE = YES;
				CLANG_WARN_UNGUARDED_AVAILABILITY = YES_AGGRESSIVE;
				CLANG_WARN_UNREACHABLE_CODE = YES;
				CLANG_WARN__DUPLICATE_METHOD_MATCH = YES;
				COPY_PHASE_STRIP = NO;
				DEBUG_INFORMATION_FORMAT = "dwarf-with-dsym";
				ENABLE_NS_ASSERTIONS = NO;
				ENABLE_STRICT_OBJC_MSGSEND = YES;
				GCC_C_LANGUAGE_STANDARD = gnu11;
				GCC_NO_COMMON_BLOCKS = YES;
				GCC_WARN_64_TO_32_BIT_CONVERSION = YES;
				GCC_WARN_ABOUT_RETURN_TYPE = YES_ERROR;
				GCC_WARN_UNDECLARED_SELECTOR = YES;
				GCC_WARN_UNINITIALIZED_AUTOS = YES_AGGRESSIVE;
				GCC_WARN_UNUSED_FUNCTION = YES;
				GCC_WARN_UNUSED_VARIABLE = YES;
				IPHONEOS_DEPLOYMENT_TARGET = 13.2;
				MTL_ENABLE_DEBUG_INFO = NO;
				MTL_FAST_MATH = YES;
				SDKROOT = iphoneos;
				SWIFT_COMPILATION_MODE = wholemodule;
				SWIFT_OPTIMIZATION_LEVEL = "-O";
				VALIDATE_PRODUCT = YES;
			};
			name = Release;
		};
		53552C4523A16EC500CA37F5 /* Debug */ = {
			isa = XCBuildConfiguration;
			buildSettings = {
				ASSETCATALOG_COMPILER_APPICON_NAME = AppIcon;
				CODE_SIGN_STYLE = Automatic;
				DEVELOPMENT_TEAM = WSR8557KHP;
				INFOPLIST_FILE = "Project 4/Info.plist";
				LD_RUNPATH_SEARCH_PATHS = (
					"$(inherited)",
					"@executable_path/Frameworks",
				);
				PRODUCT_BUNDLE_IDENTIFIER = "com.andavazgar.Project-4";
				PRODUCT_NAME = "$(TARGET_NAME)";
				SWIFT_VERSION = 5.0;
				TARGETED_DEVICE_FAMILY = "1,2";
			};
			name = Debug;
		};
		53552C4623A16EC500CA37F5 /* Release */ = {
			isa = XCBuildConfiguration;
			buildSettings = {
				ASSETCATALOG_COMPILER_APPICON_NAME = AppIcon;
				CODE_SIGN_STYLE = Automatic;
				DEVELOPMENT_TEAM = WSR8557KHP;
				INFOPLIST_FILE = "Project 4/Info.plist";
				LD_RUNPATH_SEARCH_PATHS = (
					"$(inherited)",
					"@executable_path/Frameworks",
				);
				PRODUCT_BUNDLE_IDENTIFIER = "com.andavazgar.Project-4";
				PRODUCT_NAME = "$(TARGET_NAME)";
				SWIFT_VERSION = 5.0;
				TARGETED_DEVICE_FAMILY = "1,2";
			};
			name = Release;
		};
/* End XCBuildConfiguration section */

/* Begin XCConfigurationList section */
		53552C2B23A16EC400CA37F5 /* Build configuration list for PBXProject "Project 4" */ = {
			isa = XCConfigurationList;
			buildConfigurations = (
				53552C4223A16EC500CA37F5 /* Debug */,
				53552C4323A16EC500CA37F5 /* Release */,
			);
			defaultConfigurationIsVisible = 0;
			defaultConfigurationName = Release;
		};
		53552C4423A16EC500CA37F5 /* Build configuration list for PBXNativeTarget "Project 4" */ = {
			isa = XCConfigurationList;
			buildConfigurations = (
				53552C4523A16EC500CA37F5 /* Debug */,
				53552C4623A16EC500CA37F5 /* Release */,
			);
			defaultConfigurationIsVisible = 0;
			defaultConfigurationName = Release;
		};
/* End XCConfigurationList section */
	};
	rootObject = 53552C2823A16EC400CA37F5 /* Project object */;
}
