// !$*UTF8*$!
{
	archiveVersion = 1;
	classes = {
	};
	objectVersion = 50;
	objects = {

/* Begin PBXBuildFile section */
		537E3A4C23FF084B00D5068E /* AppDelegate.swift in Sources */ = {isa = PBXBuildFile; fileRef = 537E3A4B23FF084B00D5068E /* AppDelegate.swift */; };
		537E3A4E23FF084B00D5068E /* GameScene.sks in Resources */ = {isa = PBXBuildFile; fileRef = 537E3A4D23FF084B00D5068E /* GameScene.sks */; };
		537E3A5223FF084B00D5068E /* GameScene.swift in Sources */ = {isa = PBXBuildFile; fileRef = 537E3A5123FF084B00D5068E /* GameScene.swift */; };
		537E3A5423FF084B00D5068E /* GameViewController.swift in Sources */ = {isa = PBXBuildFile; fileRef = 537E3A5323FF084B00D5068E /* GameViewController.swift */; };
		537E3A5723FF084B00D5068E /* Main.storyboard in Resources */ = {isa = PBXBuildFile; fileRef = 537E3A5523FF084B00D5068E /* Main.storyboard */; };
		537E3A5923FF084D00D5068E /* Assets.xcassets in Resources */ = {isa = PBXBuildFile; fileRef = 537E3A5823FF084D00D5068E /* Assets.xcassets */; };
		537E3A5C23FF084D00D5068E /* LaunchScreen.storyboard in Resources */ = {isa = PBXBuildFile; fileRef = 537E3A5A23FF084D00D5068E /* LaunchScreen.storyboard */; };
		537E3A6423FF728A00D5068E /* FireParticles.sks in Resources */ = {isa = PBXBuildFile; fileRef = 537E3A6323FF728A00D5068E /* FireParticles.sks */; };
/* End PBXBuildFile section */

/* Begin PBXFileReference section */
		537E3A4823FF084B00D5068E /* Project 11.app */ = {isa = PBXFileReference; explicitFileType = wrapper.application; includeInIndex = 0; path = "Project 11.app"; sourceTree = BUILT_PRODUCTS_DIR; };
		537E3A4B23FF084B00D5068E /* AppDelegate.swift */ = {isa = PBXFileReference; lastKnownFileType = sourcecode.swift; path = AppDelegate.swift; sourceTree = "<group>"; };
		537E3A4D23FF084B00D5068E /* GameScene.sks */ = {isa = PBXFileReference; lastKnownFileType = file.sks; path = GameScene.sks; sourceTree = "<group>"; };
		537E3A5123FF084B00D5068E /* GameScene.swift */ = {isa = PBXFileReference; lastKnownFileType = sourcecode.swift; path = GameScene.swift; sourceTree = "<group>"; };
		537E3A5323FF084B00D5068E /* GameViewController.swift */ = {isa = PBXFileReference; lastKnownFileType = sourcecode.swift; path = GameViewController.swift; sourceTree = "<group>"; };
		537E3A5623FF084B00D5068E /* Base */ = {isa = PBXFileReference; lastKnownFileType = file.storyboard; name = Base; path = Base.lproj/Main.storyboard; sourceTree = "<group>"; };
		537E3A5823FF084D00D5068E /* Assets.xcassets */ = {isa = PBXFileReference; lastKnownFileType = folder.assetcatalog; path = Assets.xcassets; sourceTree = "<group>"; };
		537E3A5B23FF084D00D5068E /* Base */ = {isa = PBXFileReference; lastKnownFileType = file.storyboard; name = Base; path = Base.lproj/LaunchScreen.storyboard; sourceTree = "<group>"; };
		537E3A5D23FF084D00D5068E /* Info.plist */ = {isa = PBXFileReference; lastKnownFileType = text.plist.xml; path = Info.plist; sourceTree = "<group>"; };
		537E3A6323FF728A00D5068E /* FireParticles.sks */ = {isa = PBXFileReference; lastKnownFileType = file.sks; path = FireParticles.sks; sourceTree = "<group>"; };
/* End PBXFileReference section */

/* Begin PBXFrameworksBuildPhase section */
		537E3A4523FF084B00D5068E /* Frameworks */ = {
			isa = PBXFrameworksBuildPhase;
			buildActionMask = 2147483647;
			files = (
			);
			runOnlyForDeploymentPostprocessing = 0;
		};
/* End PBXFrameworksBuildPhase section */

/* Begin PBXGroup section */
		537E3A3F23FF084B00D5068E = {
			isa = PBXGroup;
			children = (
				537E3A4A23FF084B00D5068E /* Project 11 */,
				537E3A4923FF084B00D5068E /* Products */,
			);
			sourceTree = "<group>";
		};
		537E3A4923FF084B00D5068E /* Products */ = {
			isa = PBXGroup;
			children = (
				537E3A4823FF084B00D5068E /* Project 11.app */,
			);
			name = Products;
			sourceTree = "<group>";
		};
		537E3A4A23FF084B00D5068E /* Project 11 */ = {
			isa = PBXGroup;
			children = (
				537E3A4B23FF084B00D5068E /* AppDelegate.swift */,
				537E3A4D23FF084B00D5068E /* GameScene.sks */,
				537E3A5123FF084B00D5068E /* GameScene.swift */,
				537E3A5323FF084B00D5068E /* GameViewController.swift */,
				537E3A5523FF084B00D5068E /* Main.storyboard */,
				537E3A6323FF728A00D5068E /* FireParticles.sks */,
				537E3A5823FF084D00D5068E /* Assets.xcassets */,
				537E3A5A23FF084D00D5068E /* LaunchScreen.storyboard */,
				537E3A5D23FF084D00D5068E /* Info.plist */,
			);
			path = "Project 11";
			sourceTree = "<group>";
		};
/* End PBXGroup section */

/* Begin PBXNativeTarget section */
		537E3A4723FF084B00D5068E /* Project 11 */ = {
			isa = PBXNativeTarget;
			buildConfigurationList = 537E3A6023FF084D00D5068E /* Build configuration list for PBXNativeTarget "Project 11" */;
			buildPhases = (
				537E3A4423FF084B00D5068E /* Sources */,
				537E3A4523FF084B00D5068E /* Frameworks */,
				537E3A4623FF084B00D5068E /* Resources */,
			);
			buildRules = (
			);
			dependencies = (
			);
			name = "Project 11";
			productName = "Project 11";
			productReference = 537E3A4823FF084B00D5068E /* Project 11.app */;
			productType = "com.apple.product-type.application";
		};
/* End PBXNativeTarget section */

/* Begin PBXProject section */
		537E3A4023FF084B00D5068E /* Project object */ = {
			isa = PBXProject;
			attributes = {
				LastSwiftUpdateCheck = 1130;
				LastUpgradeCheck = 1130;
				ORGANIZATIONNAME = Andavazgar;
				TargetAttributes = {
					537E3A4723FF084B00D5068E = {
						CreatedOnToolsVersion = 11.3.1;
					};
				};
			};
			buildConfigurationList = 537E3A4323FF084B00D5068E /* Build configuration list for PBXProject "Project 11" */;
			compatibilityVersion = "Xcode 9.3";
			developmentRegion = en;
			hasScannedForEncodings = 0;
			knownRegions = (
				en,
				Base,
			);
			mainGroup = 537E3A3F23FF084B00D5068E;
			productRefGroup = 537E3A4923FF084B00D5068E /* Products */;
			projectDirPath = "";
			projectRoot = "";
			targets = (
				537E3A4723FF084B00D5068E /* Project 11 */,
			);
		};
/* End PBXProject section */

/* Begin PBXResourcesBuildPhase section */
		537E3A4623FF084B00D5068E /* Resources */ = {
			isa = PBXResourcesBuildPhase;
			buildActionMask = 2147483647;
			files = (
				537E3A5723FF084B00D5068E /* Main.storyboard in Resources */,
				537E3A4E23FF084B00D5068E /* GameScene.sks in Resources */,
				537E3A6423FF728A00D5068E /* FireParticles.sks in Resources */,
				537E3A5923FF084D00D5068E /* Assets.xcassets in Resources */,
				537E3A5C23FF084D00D5068E /* LaunchScreen.storyboard in Resources */,
			);
			runOnlyForDeploymentPostprocessing = 0;
		};
/* End PBXResourcesBuildPhase section */

/* Begin PBXSourcesBuildPhase section */
		537E3A4423FF084B00D5068E /* Sources */ = {
			isa = PBXSourcesBuildPhase;
			buildActionMask = 2147483647;
			files = (
				537E3A5223FF084B00D5068E /* GameScene.swift in Sources */,
				537E3A5423FF084B00D5068E /* GameViewController.swift in Sources */,
				537E3A4C23FF084B00D5068E /* AppDelegate.swift in Sources */,
			);
			runOnlyForDeploymentPostprocessing = 0;
		};
/* End PBXSourcesBuildPhase section */

/* Begin PBXVariantGroup section */
		537E3A5523FF084B00D5068E /* Main.storyboard */ = {
			isa = PBXVariantGroup;
			children = (
				537E3A5623FF084B00D5068E /* Base */,
			);
			name = Main.storyboard;
			sourceTree = "<group>";
		};
		537E3A5A23FF084D00D5068E /* LaunchScreen.storyboard */ = {
			isa = PBXVariantGroup;
			children = (
				537E3A5B23FF084D00D5068E /* Base */,
			);
			name = LaunchScreen.storyboard;
			sourceTree = "<group>";
		};
/* End PBXVariantGroup section */

/* Begin XCBuildConfiguration section */
		537E3A5E23FF084D00D5068E /* Debug */ = {
			isa = XCBuildConfiguration;
			buildSettings = {
				ALWAYS_SEARCH_USER_PATHS = NO;
				CLANG_ANALYZER_NONNULL = YES;
				CLANG_ANALYZER_NUMBER_OBJECT_CONVERSION = YES_AGGRESSIVE;
				CLANG_CXX_LANGUAGE_STANDARD = "gnu++14";
				CLANG_CXX_LIBRARY = "libc++";
				CLANG_ENABLE_MODULES = YES;
				CLANG_ENABLE_OBJC_ARC = YES;
				CLANG_ENABLE_OBJC_WEAK = YES;
				CLANG_WARN_BLOCK_CAPTURE_AUTORELEASING = YES;
				CLANG_WARN_BOOL_CONVERSION = YES;
				CLANG_WARN_COMMA = YES;
				CLANG_WARN_CONSTANT_CONVERSION = YES;
				CLANG_WARN_DEPRECATED_OBJC_IMPLEMENTATIONS = YES;
				CLANG_WARN_DIRECT_OBJC_ISA_USAGE = YES_ERROR;
				CLANG_WARN_DOCUMENTATION_COMMENTS = YES;
				CLANG_WARN_EMPTY_BODY = YES;
				CLANG_WARN_ENUM_CONVERSION = YES;
				CLANG_WARN_INFINITE_RECURSION = YES;
				CLANG_WARN_INT_CONVERSION = YES;
				CLANG_WARN_NON_LITERAL_NULL_CONVERSION = YES;
				CLANG_WARN_OBJC_IMPLICIT_RETAIN_SELF = YES;
				CLANG_WARN_OBJC_LITERAL_CONVERSION = YES;
				CLANG_WARN_OBJC_ROOT_CLASS = YES_ERROR;
				CLANG_WARN_RANGE_LOOP_ANALYSIS = YES;
				CLANG_WARN_STRICT_PROTOTYPES = YES;
				CLANG_WARN_SUSPICIOUS_MOVE = YES;
				CLANG_WARN_UNGUARDED_AVAILABILITY = YES_AGGRESSIVE;
				CLANG_WARN_UNREACHABLE_CODE = YES;
				CLANG_WARN__DUPLICATE_METHOD_MATCH = YES;
				COPY_PHASE_STRIP = NO;
				DEBUG_INFORMATION_FORMAT = dwarf;
				ENABLE_STRICT_OBJC_MSGSEND = YES;
				ENABLE_TESTABILITY = YES;
				GCC_C_LANGUAGE_STANDARD = gnu11;
				GCC_DYNAMIC_NO_PIC = NO;
				GCC_NO_COMMON_BLOCKS = YES;
				GCC_OPTIMIZATION_LEVEL = 0;
				GCC_PREPROCESSOR_DEFINITIONS = (
					"DEBUG=1",
					"$(inherited)",
				);
				GCC_WARN_64_TO_32_BIT_CONVERSION = YES;
				GCC_WARN_ABOUT_RETURN_TYPE = YES_ERROR;
				GCC_WARN_UNDECLARED_SELECTOR = YES;
				GCC_WARN_UNINITIALIZED_AUTOS = YES_AGGRESSIVE;
				GCC_WARN_UNUSED_FUNCTION = YES;
				GCC_WARN_UNUSED_VARIABLE = YES;
				IPHONEOS_DEPLOYMENT_TARGET = 13.2;
				MTL_ENABLE_DEBUG_INFO = INCLUDE_SOURCE;
				MTL_FAST_MATH = YES;
				ONLY_ACTIVE_ARCH = YES;
				SDKROOT = iphoneos;
				SWIFT_ACTIVE_COMPILATION_CONDITIONS = DEBUG;
				SWIFT_OPTIMIZATION_LEVEL = "-Onone";
			};
			name = Debug;
		};
		537E3A5F23FF084D00D5068E /* Release */ = {
			isa = XCBuildConfiguration;
			buildSettings = {
				ALWAYS_SEARCH_USER_PATHS = NO;
				CLANG_ANALYZER_NONNULL = YES;
				CLANG_ANALYZER_NUMBER_OBJECT_CONVERSION = YES_AGGRESSIVE;
				CLANG_CXX_LANGUAGE_STANDARD = "gnu++14";
				CLANG_CXX_LIBRARY = "libc++";
				CLANG_ENABLE_MODULES = YES;
				CLANG_ENABLE_OBJC_ARC = YES;
				CLANG_ENABLE_OBJC_WEAK = YES;
				CLANG_WARN_BLOCK_CAPTURE_AUTORELEASING = YES;
				CLANG_WARN_BOOL_CONVERSION = YES;
				CLANG_WARN_COMMA = YES;
				CLANG_WARN_CONSTANT_CONVERSION = YES;
				CLANG_WARN_DEPRECATED_OBJC_IMPLEMENTATIONS = YES;
				CLANG_WARN_DIRECT_OBJC_ISA_USAGE = YES_ERROR;
				CLANG_WARN_DOCUMENTATION_COMMENTS = YES;
				CLANG_WARN_EMPTY_BODY = YES;
				CLANG_WARN_ENUM_CONVERSION = YES;
				CLANG_WARN_INFINITE_RECURSION = YES;
				CLANG_WARN_INT_CONVERSION = YES;
				CLANG_WARN_NON_LITERAL_NULL_CONVERSION = YES;
				CLANG_WARN_OBJC_IMPLICIT_RETAIN_SELF = YES;
				CLANG_WARN_OBJC_LITERAL_CONVERSION = YES;
				CLANG_WARN_OBJC_ROOT_CLASS = YES_ERROR;
				CLANG_WARN_RANGE_LOOP_ANALYSIS = YES;
				CLANG_WARN_STRICT_PROTOTYPES = YES;
				CLANG_WARN_SUSPICIOUS_MOVE = YES;
				CLANG_WARN_UNGUARDED_AVAILABILITY = YES_AGGRESSIVE;
				CLANG_WARN_UNREACHABLE_CODE = YES;
				CLANG_WARN__DUPLICATE_METHOD_MATCH = YES;
				COPY_PHASE_STRIP = NO;
				DEBUG_INFORMATION_FORMAT = "dwarf-with-dsym";
				ENABLE_NS_ASSERTIONS = NO;
				ENABLE_STRICT_OBJC_MSGSEND = YES;
				GCC_C_LANGUAGE_STANDARD = gnu11;
				GCC_NO_COMMON_BLOCKS = YES;
				GCC_WARN_64_TO_32_BIT_CONVERSION = YES;
				GCC_WARN_ABOUT_RETURN_TYPE = YES_ERROR;
				GCC_WARN_UNDECLARED_SELECTOR = YES;
				GCC_WARN_UNINITIALIZED_AUTOS = YES_AGGRESSIVE;
				GCC_WARN_UNUSED_FUNCTION = YES;
				GCC_WARN_UNUSED_VARIABLE = YES;
				IPHONEOS_DEPLOYMENT_TARGET = 13.2;
				MTL_ENABLE_DEBUG_INFO = NO;
				MTL_FAST_MATH = YES;
				SDKROOT = iphoneos;
				SWIFT_COMPILATION_MODE = wholemodule;
				SWIFT_OPTIMIZATION_LEVEL = "-O";
				VALIDATE_PRODUCT = YES;
			};
			name = Release;
		};
		537E3A6123FF084D00D5068E /* Debug */ = {
			isa = XCBuildConfiguration;
			buildSettings = {
				ASSETCATALOG_COMPILER_APPICON_NAME = AppIcon;
				CODE_SIGN_STYLE = Automatic;
				DEVELOPMENT_TEAM = WSR8557KHP;
				INFOPLIST_FILE = "Project 11/Info.plist";
				LD_RUNPATH_SEARCH_PATHS = (
					"$(inherited)",
					"@executable_path/Frameworks",
				);
				PRODUCT_BUNDLE_IDENTIFIER = "com.andavazgar.Project-11";
				PRODUCT_NAME = "$(TARGET_NAME)";
				SWIFT_VERSION = 5.0;
				TARGETED_DEVICE_FAMILY = 2;
			};
			name = Debug;
		};
		537E3A6223FF084D00D5068E /* Release */ = {
			isa = XCBuildConfiguration;
			buildSettings = {
				ASSETCATALOG_COMPILER_APPICON_NAME = AppIcon;
				CODE_SIGN_STYLE = Automatic;
				DEVELOPMENT_TEAM = WSR8557KHP;
				INFOPLIST_FILE = "Project 11/Info.plist";
				LD_RUNPATH_SEARCH_PATHS = (
					"$(inherited)",
					"@executable_path/Frameworks",
				);
				PRODUCT_BUNDLE_IDENTIFIER = "com.andavazgar.Project-11";
				PRODUCT_NAME = "$(TARGET_NAME)";
				SWIFT_VERSION = 5.0;
				TARGETED_DEVICE_FAMILY = 2;
			};
			name = Release;
		};
/* End XCBuildConfiguration section */

/* Begin XCConfigurationList section */
		537E3A4323FF084B00D5068E /* Build configuration list for PBXProject "Project 11" */ = {
			isa = XCConfigurationList;
			buildConfigurations = (
				537E3A5E23FF084D00D5068E /* Debug */,
				537E3A5F23FF084D00D5068E /* Release */,
			);
			defaultConfigurationIsVisible = 0;
			defaultConfigurationName = Release;
		};
		537E3A6023FF084D00D5068E /* Build configuration list for PBXNativeTarget "Project 11" */ = {
			isa = XCConfigurationList;
			buildConfigurations = (
				537E3A6123FF084D00D5068E /* Debug */,
				537E3A6223FF084D00D5068E /* Release */,
			);
			defaultConfigurationIsVisible = 0;
			defaultConfigurationName = Release;
		};
/* End XCConfigurationList section */
	};
	rootObject = 537E3A4023FF084B00D5068E /* Project object */;
}
