// !$*UTF8*$!
{
	archiveVersion = 1;
	classes = {
	};
	objectVersion = 50;
	objects = {

/* Begin PBXBuildFile section */
		536486AC23A60A46005B5A6A /* AppDelegate.swift in Sources */ = {isa = PBXBuildFile; fileRef = 536486AB23A60A46005B5A6A /* AppDelegate.swift */; };
		536486AE23A60A46005B5A6A /* SceneDelegate.swift in Sources */ = {isa = PBXBuildFile; fileRef = 536486AD23A60A46005B5A6A /* SceneDelegate.swift */; };
		536486B023A60A46005B5A6A /* ViewController.swift in Sources */ = {isa = PBXBuildFile; fileRef = 536486AF23A60A46005B5A6A /* ViewController.swift */; };
		536486B323A60A46005B5A6A /* Main.storyboard in Resources */ = {isa = PBXBuildFile; fileRef = 536486B123A60A46005B5A6A /* Main.storyboard */; };
		536486B523A60A47005B5A6A /* Assets.xcassets in Resources */ = {isa = PBXBuildFile; fileRef = 536486B423A60A47005B5A6A /* Assets.xcassets */; };
		536486B823A60A47005B5A6A /* LaunchScreen.storyboard in Resources */ = {isa = PBXBuildFile; fileRef = 536486B623A60A47005B5A6A /* LaunchScreen.storyboard */; };
		536486C023A60ADA005B5A6A /* ShoppingItem.swift in Sources */ = {isa = PBXBuildFile; fileRef = 536486BF23A60ADA005B5A6A /* ShoppingItem.swift */; };
/* End PBXBuildFile section */

/* Begin PBXFileReference section */
		536486A823A60A46005B5A6A /* Milestone 2.app */ = {isa = PBXFileReference; explicitFileType = wrapper.application; includeInIndex = 0; path = "Milestone 2.app"; sourceTree = BUILT_PRODUCTS_DIR; };
		536486AB23A60A46005B5A6A /* AppDelegate.swift */ = {isa = PBXFileReference; lastKnownFileType = sourcecode.swift; path = AppDelegate.swift; sourceTree = "<group>"; };
		536486AD23A60A46005B5A6A /* SceneDelegate.swift */ = {isa = PBXFileReference; lastKnownFileType = sourcecode.swift; path = SceneDelegate.swift; sourceTree = "<group>"; };
		536486AF23A60A46005B5A6A /* ViewController.swift */ = {isa = PBXFileReference; lastKnownFileType = sourcecode.swift; path = ViewController.swift; sourceTree = "<group>"; };
		536486B223A60A46005B5A6A /* Base */ = {isa = PBXFileReference; lastKnownFileType = file.storyboard; name = Base; path = Base.lproj/Main.storyboard; sourceTree = "<group>"; };
		536486B423A60A47005B5A6A /* Assets.xcassets */ = {isa = PBXFileReference; lastKnownFileType = folder.assetcatalog; path = Assets.xcassets; sourceTree = "<group>"; };
		536486B723A60A47005B5A6A /* Base */ = {isa = PBXFileReference; lastKnownFileType = file.storyboard; name = Base; path = Base.lproj/LaunchScreen.storyboard; sourceTree = "<group>"; };
		536486B923A60A47005B5A6A /* Info.plist */ = {isa = PBXFileReference; lastKnownFileType = text.plist.xml; path = Info.plist; sourceTree = "<group>"; };
		536486BF23A60ADA005B5A6A /* ShoppingItem.swift */ = {isa = PBXFileReference; lastKnownFileType = sourcecode.swift; path = ShoppingItem.swift; sourceTree = "<group>"; };
/* End PBXFileReference section */

/* Begin PBXFrameworksBuildPhase section */
		536486A523A60A46005B5A6A /* Frameworks */ = {
			isa = PBXFrameworksBuildPhase;
			buildActionMask = 2147483647;
			files = (
			);
			runOnlyForDeploymentPostprocessing = 0;
		};
/* End PBXFrameworksBuildPhase section */

/* Begin PBXGroup section */
		5364869F23A60A46005B5A6A = {
			isa = PBXGroup;
			children = (
				536486AA23A60A46005B5A6A /* Milestone 2 */,
				536486A923A60A46005B5A6A /* Products */,
			);
			sourceTree = "<group>";
		};
		536486A923A60A46005B5A6A /* Products */ = {
			isa = PBXGroup;
			children = (
				536486A823A60A46005B5A6A /* Milestone 2.app */,
			);
			name = Products;
			sourceTree = "<group>";
		};
		536486AA23A60A46005B5A6A /* Milestone 2 */ = {
			isa = PBXGroup;
			children = (
				536486AB23A60A46005B5A6A /* AppDelegate.swift */,
				536486AD23A60A46005B5A6A /* SceneDelegate.swift */,
				536486AF23A60A46005B5A6A /* ViewController.swift */,
				536486BF23A60ADA005B5A6A /* ShoppingItem.swift */,
				536486B123A60A46005B5A6A /* Main.storyboard */,
				536486B423A60A47005B5A6A /* Assets.xcassets */,
				536486B623A60A47005B5A6A /* LaunchScreen.storyboard */,
				536486B923A60A47005B5A6A /* Info.plist */,
			);
			path = "Milestone 2";
			sourceTree = "<group>";
		};
/* End PBXGroup section */

/* Begin PBXNativeTarget section */
		536486A723A60A46005B5A6A /* Milestone 2 */ = {
			isa = PBXNativeTarget;
			buildConfigurationList = 536486BC23A60A47005B5A6A /* Build configuration list for PBXNativeTarget "Milestone 2" */;
			buildPhases = (
				536486A423A60A46005B5A6A /* Sources */,
				536486A523A60A46005B5A6A /* Frameworks */,
				536486A623A60A46005B5A6A /* Resources */,
			);
			buildRules = (
			);
			dependencies = (
			);
			name = "Milestone 2";
			productName = "Milestone 2";
			productReference = 536486A823A60A46005B5A6A /* Milestone 2.app */;
			productType = "com.apple.product-type.application";
		};
/* End PBXNativeTarget section */

/* Begin PBXProject section */
		536486A023A60A46005B5A6A /* Project object */ = {
			isa = PBXProject;
			attributes = {
				LastSwiftUpdateCheck = 1130;
				LastUpgradeCheck = 1130;
				ORGANIZATIONNAME = Andavazgar;
				TargetAttributes = {
					536486A723A60A46005B5A6A = {
						CreatedOnToolsVersion = 11.3;
					};
				};
			};
			buildConfigurationList = 536486A323A60A46005B5A6A /* Build configuration list for PBXProject "Milestone 2" */;
			compatibilityVersion = "Xcode 9.3";
			developmentRegion = en;
			hasScannedForEncodings = 0;
			knownRegions = (
				en,
				Base,
			);
			mainGroup = 5364869F23A60A46005B5A6A;
			productRefGroup = 536486A923A60A46005B5A6A /* Products */;
			projectDirPath = "";
			projectRoot = "";
			targets = (
				536486A723A60A46005B5A6A /* Milestone 2 */,
			);
		};
/* End PBXProject section */

/* Begin PBXResourcesBuildPhase section */
		536486A623A60A46005B5A6A /* Resources */ = {
			isa = PBXResourcesBuildPhase;
			buildActionMask = 2147483647;
			files = (
				536486B823A60A47005B5A6A /* LaunchScreen.storyboard in Resources */,
				536486B523A60A47005B5A6A /* Assets.xcassets in Resources */,
				536486B323A60A46005B5A6A /* Main.storyboard in Resources */,
			);
			runOnlyForDeploymentPostprocessing = 0;
		};
/* End PBXResourcesBuildPhase section */

/* Begin PBXSourcesBuildPhase section */
		536486A423A60A46005B5A6A /* Sources */ = {
			isa = PBXSourcesBuildPhase;
			buildActionMask = 2147483647;
			files = (
				536486C023A60ADA005B5A6A /* ShoppingItem.swift in Sources */,
				536486B023A60A46005B5A6A /* ViewController.swift in Sources */,
				536486AC23A60A46005B5A6A /* AppDelegate.swift in Sources */,
				536486AE23A60A46005B5A6A /* SceneDelegate.swift in Sources */,
			);
			runOnlyForDeploymentPostprocessing = 0;
		};
/* End PBXSourcesBuildPhase section */

/* Begin PBXVariantGroup section */
		536486B123A60A46005B5A6A /* Main.storyboard */ = {
			isa = PBXVariantGroup;
			children = (
				536486B223A60A46005B5A6A /* Base */,
			);
			name = Main.storyboard;
			sourceTree = "<group>";
		};
		536486B623A60A47005B5A6A /* LaunchScreen.storyboard */ = {
			isa = PBXVariantGroup;
			children = (
				536486B723A60A47005B5A6A /* Base */,
			);
			name = LaunchScreen.storyboard;
			sourceTree = "<group>";
		};
/* End PBXVariantGroup section */

/* Begin XCBuildConfiguration section */
		536486BA23A60A47005B5A6A /* Debug */ = {
			isa = XCBuildConfiguration;
			buildSettings = {
				ALWAYS_SEARCH_USER_PATHS = NO;
				CLANG_ANALYZER_NONNULL = YES;
				CLANG_ANALYZER_NUMBER_OBJECT_CONVERSION = YES_AGGRESSIVE;
				CLANG_CXX_LANGUAGE_STANDARD = "gnu++14";
				CLANG_CXX_LIBRARY = "libc++";
				CLANG_ENABLE_MODULES = YES;
				CLANG_ENABLE_OBJC_ARC = YES;
				CLANG_ENABLE_OBJC_WEAK = YES;
				CLANG_WARN_BLOCK_CAPTURE_AUTORELEASING = YES;
				CLANG_WARN_BOOL_CONVERSION = YES;
				CLANG_WARN_COMMA = YES;
				CLANG_WARN_CONSTANT_CONVERSION = YES;
				CLANG_WARN_DEPRECATED_OBJC_IMPLEMENTATIONS = YES;
				CLANG_WARN_DIRECT_OBJC_ISA_USAGE = YES_ERROR;
				CLANG_WARN_DOCUMENTATION_COMMENTS = YES;
				CLANG_WARN_EMPTY_BODY = YES;
				CLANG_WARN_ENUM_CONVERSION = YES;
				CLANG_WARN_INFINITE_RECURSION = YES;
				CLANG_WARN_INT_CONVERSION = YES;
				CLANG_WARN_NON_LITERAL_NULL_CONVERSION = YES;
				CLANG_WARN_OBJC_IMPLICIT_RETAIN_SELF = YES;
				CLANG_WARN_OBJC_LITERAL_CONVERSION = YES;
				CLANG_WARN_OBJC_ROOT_CLASS = YES_ERROR;
				CLANG_WARN_RANGE_LOOP_ANALYSIS = YES;
				CLANG_WARN_STRICT_PROTOTYPES = YES;
				CLANG_WARN_SUSPICIOUS_MOVE = YES;
				CLANG_WARN_UNGUARDED_AVAILABILITY = YES_AGGRESSIVE;
				CLANG_WARN_UNREACHABLE_CODE = YES;
				CLANG_WARN__DUPLICATE_METHOD_MATCH = YES;
				COPY_PHASE_STRIP = NO;
				DEBUG_INFORMATION_FORMAT = dwarf;
				ENABLE_STRICT_OBJC_MSGSEND = YES;
				ENABLE_TESTABILITY = YES;
				GCC_C_LANGUAGE_STANDARD = gnu11;
				GCC_DYNAMIC_NO_PIC = NO;
				GCC_NO_COMMON_BLOCKS = YES;
				GCC_OPTIMIZATION_LEVEL = 0;
				GCC_PREPROCESSOR_DEFINITIONS = (
					"DEBUG=1",
					"$(inherited)",
				);
				GCC_WARN_64_TO_32_BIT_CONVERSION = YES;
				GCC_WARN_ABOUT_RETURN_TYPE = YES_ERROR;
				GCC_WARN_UNDECLARED_SELECTOR = YES;
				GCC_WARN_UNINITIALIZED_AUTOS = YES_AGGRESSIVE;
				GCC_WARN_UNUSED_FUNCTION = YES;
				GCC_WARN_UNUSED_VARIABLE = YES;
				IPHONEOS_DEPLOYMENT_TARGET = 13.2;
				MTL_ENABLE_DEBUG_INFO = INCLUDE_SOURCE;
				MTL_FAST_MATH = YES;
				ONLY_ACTIVE_ARCH = YES;
				SDKROOT = iphoneos;
				SWIFT_ACTIVE_COMPILATION_CONDITIONS = DEBUG;
				SWIFT_OPTIMIZATION_LEVEL = "-Onone";
			};
			name = Debug;
		};
		536486BB23A60A47005B5A6A /* Release */ = {
			isa = XCBuildConfiguration;
			buildSettings = {
				ALWAYS_SEARCH_USER_PATHS = NO;
				CLANG_ANALYZER_NONNULL = YES;
				CLANG_ANALYZER_NUMBER_OBJECT_CONVERSION = YES_AGGRESSIVE;
				CLANG_CXX_LANGUAGE_STANDARD = "gnu++14";
				CLANG_CXX_LIBRARY = "libc++";
				CLANG_ENABLE_MODULES = YES;
				CLANG_ENABLE_OBJC_ARC = YES;
				CLANG_ENABLE_OBJC_WEAK = YES;
				CLANG_WARN_BLOCK_CAPTURE_AUTORELEASING = YES;
				CLANG_WARN_BOOL_CONVERSION = YES;
				CLANG_WARN_COMMA = YES;
				CLANG_WARN_CONSTANT_CONVERSION = YES;
				CLANG_WARN_DEPRECATED_OBJC_IMPLEMENTATIONS = YES;
				CLANG_WARN_DIRECT_OBJC_ISA_USAGE = YES_ERROR;
				CLANG_WARN_DOCUMENTATION_COMMENTS = YES;
				CLANG_WARN_EMPTY_BODY = YES;
				CLANG_WARN_ENUM_CONVERSION = YES;
				CLANG_WARN_INFINITE_RECURSION = YES;
				CLANG_WARN_INT_CONVERSION = YES;
				CLANG_WARN_NON_LITERAL_NULL_CONVERSION = YES;
				CLANG_WARN_OBJC_IMPLICIT_RETAIN_SELF = YES;
				CLANG_WARN_OBJC_LITERAL_CONVERSION = YES;
				CLANG_WARN_OBJC_ROOT_CLASS = YES_ERROR;
				CLANG_WARN_RANGE_LOOP_ANALYSIS = YES;
				CLANG_WARN_STRICT_PROTOTYPES = YES;
				CLANG_WARN_SUSPICIOUS_MOVE = YES;
				CLANG_WARN_UNGUARDED_AVAILABILITY = YES_AGGRESSIVE;
				CLANG_WARN_UNREACHABLE_CODE = YES;
				CLANG_WARN__DUPLICATE_METHOD_MATCH = YES;
				COPY_PHASE_STRIP = NO;
				DEBUG_INFORMATION_FORMAT = "dwarf-with-dsym";
				ENABLE_NS_ASSERTIONS = NO;
				ENABLE_STRICT_OBJC_MSGSEND = YES;
				GCC_C_LANGUAGE_STANDARD = gnu11;
				GCC_NO_COMMON_BLOCKS = YES;
				GCC_WARN_64_TO_32_BIT_CONVERSION = YES;
				GCC_WARN_ABOUT_RETURN_TYPE = YES_ERROR;
				GCC_WARN_UNDECLARED_SELECTOR = YES;
				GCC_WARN_UNINITIALIZED_AUTOS = YES_AGGRESSIVE;
				GCC_WARN_UNUSED_FUNCTION = YES;
				GCC_WARN_UNUSED_VARIABLE = YES;
				IPHONEOS_DEPLOYMENT_TARGET = 13.2;
				MTL_ENABLE_DEBUG_INFO = NO;
				MTL_FAST_MATH = YES;
				SDKROOT = iphoneos;
				SWIFT_COMPILATION_MODE = wholemodule;
				SWIFT_OPTIMIZATION_LEVEL = "-O";
				VALIDATE_PRODUCT = YES;
			};
			name = Release;
		};
		536486BD23A60A47005B5A6A /* Debug */ = {
			isa = XCBuildConfiguration;
			buildSettings = {
				ASSETCATALOG_COMPILER_APPICON_NAME = AppIcon;
				CODE_SIGN_STYLE = Automatic;
				DEVELOPMENT_TEAM = WSR8557KHP;
				INFOPLIST_FILE = "Milestone 2/Info.plist";
				LD_RUNPATH_SEARCH_PATHS = (
					"$(inherited)",
					"@executable_path/Frameworks",
				);
				PRODUCT_BUNDLE_IDENTIFIER = "com.andavazgar.Milestone-2";
				PRODUCT_NAME = "$(TARGET_NAME)";
				SWIFT_VERSION = 5.0;
				TARGETED_DEVICE_FAMILY = "1,2";
			};
			name = Debug;
		};
		536486BE23A60A47005B5A6A /* Release */ = {
			isa = XCBuildConfiguration;
			buildSettings = {
				ASSETCATALOG_COMPILER_APPICON_NAME = AppIcon;
				CODE_SIGN_STYLE = Automatic;
				DEVELOPMENT_TEAM = WSR8557KHP;
				INFOPLIST_FILE = "Milestone 2/Info.plist";
				LD_RUNPATH_SEARCH_PATHS = (
					"$(inherited)",
					"@executable_path/Frameworks",
				);
				PRODUCT_BUNDLE_IDENTIFIER = "com.andavazgar.Milestone-2";
				PRODUCT_NAME = "$(TARGET_NAME)";
				SWIFT_VERSION = 5.0;
				TARGETED_DEVICE_FAMILY = "1,2";
			};
			name = Release;
		};
/* End XCBuildConfiguration section */

/* Begin XCConfigurationList section */
		536486A323A60A46005B5A6A /* Build configuration list for PBXProject "Milestone 2" */ = {
			isa = XCConfigurationList;
			buildConfigurations = (
				536486BA23A60A47005B5A6A /* Debug */,
				536486BB23A60A47005B5A6A /* Release */,
			);
			defaultConfigurationIsVisible = 0;
			defaultConfigurationName = Release;
		};
		536486BC23A60A47005B5A6A /* Build configuration list for PBXNativeTarget "Milestone 2" */ = {
			isa = XCConfigurationList;
			buildConfigurations = (
				536486BD23A60A47005B5A6A /* Debug */,
				536486BE23A60A47005B5A6A /* Release */,
			);
			defaultConfigurationIsVisible = 0;
			defaultConfigurationName = Release;
		};
/* End XCConfigurationList section */
	};
	rootObject = 536486A023A60A46005B5A6A /* Project object */;
}
