// !$*UTF8*$!
{
	archiveVersion = 1;
	classes = {
	};
	objectVersion = 50;
	objects = {

/* Begin PBXBuildFile section */
		5342C65123A85C9D00D749C3 /* AppDelegate.swift in Sources */ = {isa = PBXBuildFile; fileRef = 5342C65023A85C9D00D749C3 /* AppDelegate.swift */; };
		5342C65323A85C9D00D749C3 /* SceneDelegate.swift in Sources */ = {isa = PBXBuildFile; fileRef = 5342C65223A85C9D00D749C3 /* SceneDelegate.swift */; };
		5342C65523A85C9D00D749C3 /* ViewController.swift in Sources */ = {isa = PBXBuildFile; fileRef = 5342C65423A85C9D00D749C3 /* ViewController.swift */; };
		5342C65A23A85C9F00D749C3 /* Assets.xcassets in Resources */ = {isa = PBXBuildFile; fileRef = 5342C65923A85C9F00D749C3 /* Assets.xcassets */; };
		5342C65D23A85C9F00D749C3 /* LaunchScreen.storyboard in Resources */ = {isa = PBXBuildFile; fileRef = 5342C65B23A85C9F00D749C3 /* LaunchScreen.storyboard */; };
		5342C66523A85CB700D749C3 /* words.txt in Resources */ = {isa = PBXBuildFile; fileRef = 5342C66423A85CB700D749C3 /* words.txt */; };
/* End PBXBuildFile section */

/* Begin PBXFileReference section */
		5342C64D23A85C9D00D749C3 /* Milestone 3.app */ = {isa = PBXFileReference; explicitFileType = wrapper.application; includeInIndex = 0; path = "Milestone 3.app"; sourceTree = BUILT_PRODUCTS_DIR; };
		5342C65023A85C9D00D749C3 /* AppDelegate.swift */ = {isa = PBXFileReference; lastKnownFileType = sourcecode.swift; path = AppDelegate.swift; sourceTree = "<group>"; };
		5342C65223A85C9D00D749C3 /* SceneDelegate.swift */ = {isa = PBXFileReference; lastKnownFileType = sourcecode.swift; path = SceneDelegate.swift; sourceTree = "<group>"; };
		5342C65423A85C9D00D749C3 /* ViewController.swift */ = {isa = PBXFileReference; lastKnownFileType = sourcecode.swift; path = ViewController.swift; sourceTree = "<group>"; };
		5342C65923A85C9F00D749C3 /* Assets.xcassets */ = {isa = PBXFileReference; lastKnownFileType = folder.assetcatalog; path = Assets.xcassets; sourceTree = "<group>"; };
		5342C65C23A85C9F00D749C3 /* Base */ = {isa = PBXFileReference; lastKnownFileType = file.storyboard; name = Base; path = Base.lproj/LaunchScreen.storyboard; sourceTree = "<group>"; };
		5342C65E23A85C9F00D749C3 /* Info.plist */ = {isa = PBXFileReference; lastKnownFileType = text.plist.xml; path = Info.plist; sourceTree = "<group>"; };
		5342C66423A85CB700D749C3 /* words.txt */ = {isa = PBXFileReference; fileEncoding = 4; lastKnownFileType = text; path = words.txt; sourceTree = "<group>"; };
/* End PBXFileReference section */

/* Begin PBXFrameworksBuildPhase section */
		5342C64A23A85C9D00D749C3 /* Frameworks */ = {
			isa = PBXFrameworksBuildPhase;
			buildActionMask = 2147483647;
			files = (
			);
			runOnlyForDeploymentPostprocessing = 0;
		};
/* End PBXFrameworksBuildPhase section */

/* Begin PBXGroup section */
		5342C64423A85C9D00D749C3 = {
			isa = PBXGroup;
			children = (
				5342C64F23A85C9D00D749C3 /* Milestone 3 */,
				5342C64E23A85C9D00D749C3 /* Products */,
			);
			sourceTree = "<group>";
		};
		5342C64E23A85C9D00D749C3 /* Products */ = {
			isa = PBXGroup;
			children = (
				5342C64D23A85C9D00D749C3 /* Milestone 3.app */,
			);
			name = Products;
			sourceTree = "<group>";
		};
		5342C64F23A85C9D00D749C3 /* Milestone 3 */ = {
			isa = PBXGroup;
			children = (
				5342C65023A85C9D00D749C3 /* AppDelegate.swift */,
				5342C65223A85C9D00D749C3 /* SceneDelegate.swift */,
				5342C65423A85C9D00D749C3 /* ViewController.swift */,
				5342C65923A85C9F00D749C3 /* Assets.xcassets */,
				5342C65B23A85C9F00D749C3 /* LaunchScreen.storyboard */,
				5342C65E23A85C9F00D749C3 /* Info.plist */,
				5342C66423A85CB700D749C3 /* words.txt */,
			);
			path = "Milestone 3";
			sourceTree = "<group>";
		};
/* End PBXGroup section */

/* Begin PBXNativeTarget section */
		5342C64C23A85C9D00D749C3 /* Milestone 3 */ = {
			isa = PBXNativeTarget;
			buildConfigurationList = 5342C66123A85C9F00D749C3 /* Build configuration list for PBXNativeTarget "Milestone 3" */;
			buildPhases = (
				5342C64923A85C9D00D749C3 /* Sources */,
				5342C64A23A85C9D00D749C3 /* Frameworks */,
				5342C64B23A85C9D00D749C3 /* Resources */,
			);
			buildRules = (
			);
			dependencies = (
			);
			name = "Milestone 3";
			productName = "Milestone 3";
			productReference = 5342C64D23A85C9D00D749C3 /* Milestone 3.app */;
			productType = "com.apple.product-type.application";
		};
/* End PBXNativeTarget section */

/* Begin PBXProject section */
		5342C64523A85C9D00D749C3 /* Project object */ = {
			isa = PBXProject;
			attributes = {
				LastSwiftUpdateCheck = 1130;
				LastUpgradeCheck = 1130;
				ORGANIZATIONNAME = Andavazgar;
				TargetAttributes = {
					5342C64C23A85C9D00D749C3 = {
						CreatedOnToolsVersion = 11.3;
					};
				};
			};
			buildConfigurationList = 5342C64823A85C9D00D749C3 /* Build configuration list for PBXProject "Milestone 3" */;
			compatibilityVersion = "Xcode 9.3";
			developmentRegion = en;
			hasScannedForEncodings = 0;
			knownRegions = (
				en,
				Base,
			);
			mainGroup = 5342C64423A85C9D00D749C3;
			productRefGroup = 5342C64E23A85C9D00D749C3 /* Products */;
			projectDirPath = "";
			projectRoot = "";
			targets = (
				5342C64C23A85C9D00D749C3 /* Milestone 3 */,
			);
		};
/* End PBXProject section */

/* Begin PBXResourcesBuildPhase section */
		5342C64B23A85C9D00D749C3 /* Resources */ = {
			isa = PBXResourcesBuildPhase;
			buildActionMask = 2147483647;
			files = (
				5342C65D23A85C9F00D749C3 /* LaunchScreen.storyboard in Resources */,
				5342C65A23A85C9F00D749C3 /* Assets.xcassets in Resources */,
				5342C66523A85CB700D749C3 /* words.txt in Resources */,
			);
			runOnlyForDeploymentPostprocessing = 0;
		};
/* End PBXResourcesBuildPhase section */

/* Begin PBXSourcesBuildPhase section */
		5342C64923A85C9D00D749C3 /* Sources */ = {
			isa = PBXSourcesBuildPhase;
			buildActionMask = 2147483647;
			files = (
				5342C65523A85C9D00D749C3 /* ViewController.swift in Sources */,
				5342C65123A85C9D00D749C3 /* AppDelegate.swift in Sources */,
				5342C65323A85C9D00D749C3 /* SceneDelegate.swift in Sources */,
			);
			runOnlyForDeploymentPostprocessing = 0;
		};
/* End PBXSourcesBuildPhase section */

/* Begin PBXVariantGroup section */
		5342C65B23A85C9F00D749C3 /* LaunchScreen.storyboard */ = {
			isa = PBXVariantGroup;
			children = (
				5342C65C23A85C9F00D749C3 /* Base */,
			);
			name = LaunchScreen.storyboard;
			sourceTree = "<group>";
		};
/* End PBXVariantGroup section */

/* Begin XCBuildConfiguration section */
		5342C65F23A85C9F00D749C3 /* Debug */ = {
			isa = XCBuildConfiguration;
			buildSettings = {
				ALWAYS_SEARCH_USER_PATHS = NO;
				CLANG_ANALYZER_NONNULL = YES;
				CLANG_ANALYZER_NUMBER_OBJECT_CONVERSION = YES_AGGRESSIVE;
				CLANG_CXX_LANGUAGE_STANDARD = "gnu++14";
				CLANG_CXX_LIBRARY = "libc++";
				CLANG_ENABLE_MODULES = YES;
				CLANG_ENABLE_OBJC_ARC = YES;
				CLANG_ENABLE_OBJC_WEAK = YES;
				CLANG_WARN_BLOCK_CAPTURE_AUTORELEASING = YES;
				CLANG_WARN_BOOL_CONVERSION = YES;
				CLANG_WARN_COMMA = YES;
				CLANG_WARN_CONSTANT_CONVERSION = YES;
				CLANG_WARN_DEPRECATED_OBJC_IMPLEMENTATIONS = YES;
				CLANG_WARN_DIRECT_OBJC_ISA_USAGE = YES_ERROR;
				CLANG_WARN_DOCUMENTATION_COMMENTS = YES;
				CLANG_WARN_EMPTY_BODY = YES;
				CLANG_WARN_ENUM_CONVERSION = YES;
				CLANG_WARN_INFINITE_RECURSION = YES;
				CLANG_WARN_INT_CONVERSION = YES;
				CLANG_WARN_NON_LITERAL_NULL_CONVERSION = YES;
				CLANG_WARN_OBJC_IMPLICIT_RETAIN_SELF = YES;
				CLANG_WARN_OBJC_LITERAL_CONVERSION = YES;
				CLANG_WARN_OBJC_ROOT_CLASS = YES_ERROR;
				CLANG_WARN_RANGE_LOOP_ANALYSIS = YES;
				CLANG_WARN_STRICT_PROTOTYPES = YES;
				CLANG_WARN_SUSPICIOUS_MOVE = YES;
				CLANG_WARN_UNGUARDED_AVAILABILITY = YES_AGGRESSIVE;
				CLANG_WARN_UNREACHABLE_CODE = YES;
				CLANG_WARN__DUPLICATE_METHOD_MATCH = YES;
				COPY_PHASE_STRIP = NO;
				DEBUG_INFORMATION_FORMAT = dwarf;
				ENABLE_STRICT_OBJC_MSGSEND = YES;
				ENABLE_TESTABILITY = YES;
				GCC_C_LANGUAGE_STANDARD = gnu11;
				GCC_DYNAMIC_NO_PIC = NO;
				GCC_NO_COMMON_BLOCKS = YES;
				GCC_OPTIMIZATION_LEVEL = 0;
				GCC_PREPROCESSOR_DEFINITIONS = (
					"DEBUG=1",
					"$(inherited)",
				);
				GCC_WARN_64_TO_32_BIT_CONVERSION = YES;
				GCC_WARN_ABOUT_RETURN_TYPE = YES_ERROR;
				GCC_WARN_UNDECLARED_SELECTOR = YES;
				GCC_WARN_UNINITIALIZED_AUTOS = YES_AGGRESSIVE;
				GCC_WARN_UNUSED_FUNCTION = YES;
				GCC_WARN_UNUSED_VARIABLE = YES;
				IPHONEOS_DEPLOYMENT_TARGET = 13.2;
				MTL_ENABLE_DEBUG_INFO = INCLUDE_SOURCE;
				MTL_FAST_MATH = YES;
				ONLY_ACTIVE_ARCH = YES;
				SDKROOT = iphoneos;
				SWIFT_ACTIVE_COMPILATION_CONDITIONS = DEBUG;
				SWIFT_OPTIMIZATION_LEVEL = "-Onone";
			};
			name = Debug;
		};
		5342C66023A85C9F00D749C3 /* Release */ = {
			isa = XCBuildConfiguration;
			buildSettings = {
				ALWAYS_SEARCH_USER_PATHS = NO;
				CLANG_ANALYZER_NONNULL = YES;
				CLANG_ANALYZER_NUMBER_OBJECT_CONVERSION = YES_AGGRESSIVE;
				CLANG_CXX_LANGUAGE_STANDARD = "gnu++14";
				CLANG_CXX_LIBRARY = "libc++";
				CLANG_ENABLE_MODULES = YES;
				CLANG_ENABLE_OBJC_ARC = YES;
				CLANG_ENABLE_OBJC_WEAK = YES;
				CLANG_WARN_BLOCK_CAPTURE_AUTORELEASING = YES;
				CLANG_WARN_BOOL_CONVERSION = YES;
				CLANG_WARN_COMMA = YES;
				CLANG_WARN_CONSTANT_CONVERSION = YES;
				CLANG_WARN_DEPRECATED_OBJC_IMPLEMENTATIONS = YES;
				CLANG_WARN_DIRECT_OBJC_ISA_USAGE = YES_ERROR;
				CLANG_WARN_DOCUMENTATION_COMMENTS = YES;
				CLANG_WARN_EMPTY_BODY = YES;
				CLANG_WARN_ENUM_CONVERSION = YES;
				CLANG_WARN_INFINITE_RECURSION = YES;
				CLANG_WARN_INT_CONVERSION = YES;
				CLANG_WARN_NON_LITERAL_NULL_CONVERSION = YES;
				CLANG_WARN_OBJC_IMPLICIT_RETAIN_SELF = YES;
				CLANG_WARN_OBJC_LITERAL_CONVERSION = YES;
				CLANG_WARN_OBJC_ROOT_CLASS = YES_ERROR;
				CLANG_WARN_RANGE_LOOP_ANALYSIS = YES;
				CLANG_WARN_STRICT_PROTOTYPES = YES;
				CLANG_WARN_SUSPICIOUS_MOVE = YES;
				CLANG_WARN_UNGUARDED_AVAILABILITY = YES_AGGRESSIVE;
				CLANG_WARN_UNREACHABLE_CODE = YES;
				CLANG_WARN__DUPLICATE_METHOD_MATCH = YES;
				COPY_PHASE_STRIP = NO;
				DEBUG_INFORMATION_FORMAT = "dwarf-with-dsym";
				ENABLE_NS_ASSERTIONS = NO;
				ENABLE_STRICT_OBJC_MSGSEND = YES;
				GCC_C_LANGUAGE_STANDARD = gnu11;
				GCC_NO_COMMON_BLOCKS = YES;
				GCC_WARN_64_TO_32_BIT_CONVERSION = YES;
				GCC_WARN_ABOUT_RETURN_TYPE = YES_ERROR;
				GCC_WARN_UNDECLARED_SELECTOR = YES;
				GCC_WARN_UNINITIALIZED_AUTOS = YES_AGGRESSIVE;
				GCC_WARN_UNUSED_FUNCTION = YES;
				GCC_WARN_UNUSED_VARIABLE = YES;
				IPHONEOS_DEPLOYMENT_TARGET = 13.2;
				MTL_ENABLE_DEBUG_INFO = NO;
				MTL_FAST_MATH = YES;
				SDKROOT = iphoneos;
				SWIFT_COMPILATION_MODE = wholemodule;
				SWIFT_OPTIMIZATION_LEVEL = "-O";
				VALIDATE_PRODUCT = YES;
			};
			name = Release;
		};
		5342C66223A85C9F00D749C3 /* Debug */ = {
			isa = XCBuildConfiguration;
			buildSettings = {
				ASSETCATALOG_COMPILER_APPICON_NAME = AppIcon;
				CODE_SIGN_STYLE = Automatic;
				DEVELOPMENT_TEAM = WSR8557KHP;
				INFOPLIST_FILE = "Milestone 3/Info.plist";
				LD_RUNPATH_SEARCH_PATHS = (
					"$(inherited)",
					"@executable_path/Frameworks",
				);
				PRODUCT_BUNDLE_IDENTIFIER = "com.andavazgar.Milestone-3";
				PRODUCT_NAME = "$(TARGET_NAME)";
				SWIFT_VERSION = 5.0;
				TARGETED_DEVICE_FAMILY = "1,2";
			};
			name = Debug;
		};
		5342C66323A85C9F00D749C3 /* Release */ = {
			isa = XCBuildConfiguration;
			buildSettings = {
				ASSETCATALOG_COMPILER_APPICON_NAME = AppIcon;
				CODE_SIGN_STYLE = Automatic;
				DEVELOPMENT_TEAM = WSR8557KHP;
				INFOPLIST_FILE = "Milestone 3/Info.plist";
				LD_RUNPATH_SEARCH_PATHS = (
					"$(inherited)",
					"@executable_path/Frameworks",
				);
				PRODUCT_BUNDLE_IDENTIFIER = "com.andavazgar.Milestone-3";
				PRODUCT_NAME = "$(TARGET_NAME)";
				SWIFT_VERSION = 5.0;
				TARGETED_DEVICE_FAMILY = "1,2";
			};
			name = Release;
		};
/* End XCBuildConfiguration section */

/* Begin XCConfigurationList section */
		5342C64823A85C9D00D749C3 /* Build configuration list for PBXProject "Milestone 3" */ = {
			isa = XCConfigurationList;
			buildConfigurations = (
				5342C65F23A85C9F00D749C3 /* Debug */,
				5342C66023A85C9F00D749C3 /* Release */,
			);
			defaultConfigurationIsVisible = 0;
			defaultConfigurationName = Release;
		};
		5342C66123A85C9F00D749C3 /* Build configuration list for PBXNativeTarget "Milestone 3" */ = {
			isa = XCConfigurationList;
			buildConfigurations = (
				5342C66223A85C9F00D749C3 /* Debug */,
				5342C66323A85C9F00D749C3 /* Release */,
			);
			defaultConfigurationIsVisible = 0;
			defaultConfigurationName = Release;
		};
/* End XCConfigurationList section */
	};
	rootObject = 5342C64523A85C9D00D749C3 /* Project object */;
}
