// !$*UTF8*$!
{
	archiveVersion = 1;
	classes = {
	};
	objectVersion = 50;
	objects = {

/* Begin PBXBuildFile section */
		53E06C4A2412B8A300A45DD3 /* AppDelegate.swift in Sources */ = {isa = PBXBuildFile; fileRef = 53E06C492412B8A300A45DD3 /* AppDelegate.swift */; };
		53E06C4C2412B8A300A45DD3 /* GameScene.sks in Resources */ = {isa = PBXBuildFile; fileRef = 53E06C4B2412B8A300A45DD3 /* GameScene.sks */; };
		53E06C502412B8A300A45DD3 /* GameScene.swift in Sources */ = {isa = PBXBuildFile; fileRef = 53E06C4F2412B8A300A45DD3 /* GameScene.swift */; };
		53E06C522412B8A300A45DD3 /* GameViewController.swift in Sources */ = {isa = PBXBuildFile; fileRef = 53E06C512412B8A300A45DD3 /* GameViewController.swift */; };
		53E06C552412B8A300A45DD3 /* Main.storyboard in Resources */ = {isa = PBXBuildFile; fileRef = 53E06C532412B8A300A45DD3 /* Main.storyboard */; };
		53E06C572412B8A400A45DD3 /* Assets.xcassets in Resources */ = {isa = PBXBuildFile; fileRef = 53E06C562412B8A400A45DD3 /* Assets.xcassets */; };
		53E06C5A2412B8A400A45DD3 /* LaunchScreen.storyboard in Resources */ = {isa = PBXBuildFile; fileRef = 53E06C582412B8A400A45DD3 /* LaunchScreen.storyboard */; };
		53E06C6C2412BAB500A45DD3 /* explosion.caf in Resources */ = {isa = PBXBuildFile; fileRef = 53E06C612412BAB400A45DD3 /* explosion.caf */; };
		53E06C6D2412BAB500A45DD3 /* sliceHitEnemy.sks in Resources */ = {isa = PBXBuildFile; fileRef = 53E06C622412BAB400A45DD3 /* sliceHitEnemy.sks */; };
		53E06C6E2412BAB500A45DD3 /* launch.caf in Resources */ = {isa = PBXBuildFile; fileRef = 53E06C632412BAB400A45DD3 /* launch.caf */; };
		53E06C6F2412BAB500A45DD3 /* whack.caf in Resources */ = {isa = PBXBuildFile; fileRef = 53E06C642412BAB400A45DD3 /* whack.caf */; };
		53E06C702412BAB500A45DD3 /* swoosh2.caf in Resources */ = {isa = PBXBuildFile; fileRef = 53E06C652412BAB400A45DD3 /* swoosh2.caf */; };
		53E06C712412BAB500A45DD3 /* wrong.caf in Resources */ = {isa = PBXBuildFile; fileRef = 53E06C662412BAB400A45DD3 /* wrong.caf */; };
		53E06C722412BAB500A45DD3 /* sliceBombFuse.caf in Resources */ = {isa = PBXBuildFile; fileRef = 53E06C672412BAB500A45DD3 /* sliceBombFuse.caf */; };
		53E06C732412BAB500A45DD3 /* swoosh1.caf in Resources */ = {isa = PBXBuildFile; fileRef = 53E06C682412BAB500A45DD3 /* swoosh1.caf */; };
		53E06C742412BAB500A45DD3 /* swoosh3.caf in Resources */ = {isa = PBXBuildFile; fileRef = 53E06C692412BAB500A45DD3 /* swoosh3.caf */; };
		53E06C752412BAB500A45DD3 /* sliceHitBomb.sks in Resources */ = {isa = PBXBuildFile; fileRef = 53E06C6A2412BAB500A45DD3 /* sliceHitBomb.sks */; };
		53E06C762412BAB500A45DD3 /* sliceFuse.sks in Resources */ = {isa = PBXBuildFile; fileRef = 53E06C6B2412BAB500A45DD3 /* sliceFuse.sks */; };
/* End PBXBuildFile section */

/* Begin PBXFileReference section */
		53E06C462412B8A300A45DD3 /* Project 23.app */ = {isa = PBXFileReference; explicitFileType = wrapper.application; includeInIndex = 0; path = "Project 23.app"; sourceTree = BUILT_PRODUCTS_DIR; };
		53E06C492412B8A300A45DD3 /* AppDelegate.swift */ = {isa = PBXFileReference; lastKnownFileType = sourcecode.swift; path = AppDelegate.swift; sourceTree = "<group>"; };
		53E06C4B2412B8A300A45DD3 /* GameScene.sks */ = {isa = PBXFileReference; lastKnownFileType = file.sks; path = GameScene.sks; sourceTree = "<group>"; };
		53E06C4F2412B8A300A45DD3 /* GameScene.swift */ = {isa = PBXFileReference; lastKnownFileType = sourcecode.swift; path = GameScene.swift; sourceTree = "<group>"; };
		53E06C512412B8A300A45DD3 /* GameViewController.swift */ = {isa = PBXFileReference; lastKnownFileType = sourcecode.swift; path = GameViewController.swift; sourceTree = "<group>"; };
		53E06C542412B8A300A45DD3 /* Base */ = {isa = PBXFileReference; lastKnownFileType = file.storyboard; name = Base; path = Base.lproj/Main.storyboard; sourceTree = "<group>"; };
		53E06C562412B8A400A45DD3 /* Assets.xcassets */ = {isa = PBXFileReference; lastKnownFileType = folder.assetcatalog; path = Assets.xcassets; sourceTree = "<group>"; };
		53E06C592412B8A400A45DD3 /* Base */ = {isa = PBXFileReference; lastKnownFileType = file.storyboard; name = Base; path = Base.lproj/LaunchScreen.storyboard; sourceTree = "<group>"; };
		53E06C5B2412B8A400A45DD3 /* Info.plist */ = {isa = PBXFileReference; lastKnownFileType = text.plist.xml; path = Info.plist; sourceTree = "<group>"; };
		53E06C612412BAB400A45DD3 /* explosion.caf */ = {isa = PBXFileReference; lastKnownFileType = file; path = explosion.caf; sourceTree = "<group>"; };
		53E06C622412BAB400A45DD3 /* sliceHitEnemy.sks */ = {isa = PBXFileReference; lastKnownFileType = file.sks; path = sliceHitEnemy.sks; sourceTree = "<group>"; };
		53E06C632412BAB400A45DD3 /* launch.caf */ = {isa = PBXFileReference; lastKnownFileType = file; path = launch.caf; sourceTree = "<group>"; };
		53E06C642412BAB400A45DD3 /* whack.caf */ = {isa = PBXFileReference; lastKnownFileType = file; path = whack.caf; sourceTree = "<group>"; };
		53E06C652412BAB400A45DD3 /* swoosh2.caf */ = {isa = PBXFileReference; lastKnownFileType = file; path = swoosh2.caf; sourceTree = "<group>"; };
		53E06C662412BAB400A45DD3 /* wrong.caf */ = {isa = PBXFileReference; lastKnownFileType = file; path = wrong.caf; sourceTree = "<group>"; };
		53E06C672412BAB500A45DD3 /* sliceBombFuse.caf */ = {isa = PBXFileReference; lastKnownFileType = file; path = sliceBombFuse.caf; sourceTree = "<group>"; };
		53E06C682412BAB500A45DD3 /* swoosh1.caf */ = {isa = PBXFileReference; lastKnownFileType = file; path = swoosh1.caf; sourceTree = "<group>"; };
		53E06C692412BAB500A45DD3 /* swoosh3.caf */ = {isa = PBXFileReference; lastKnownFileType = file; path = swoosh3.caf; sourceTree = "<group>"; };
		53E06C6A2412BAB500A45DD3 /* sliceHitBomb.sks */ = {isa = PBXFileReference; lastKnownFileType = file.sks; path = sliceHitBomb.sks; sourceTree = "<group>"; };
		53E06C6B2412BAB500A45DD3 /* sliceFuse.sks */ = {isa = PBXFileReference; lastKnownFileType = file.sks; path = sliceFuse.sks; sourceTree = "<group>"; };
/* End PBXFileReference section */

/* Begin PBXFrameworksBuildPhase section */
		53E06C432412B8A300A45DD3 /* Frameworks */ = {
			isa = PBXFrameworksBuildPhase;
			buildActionMask = 2147483647;
			files = (
			);
			runOnlyForDeploymentPostprocessing = 0;
		};
/* End PBXFrameworksBuildPhase section */

/* Begin PBXGroup section */
		53E06C3D2412B8A300A45DD3 = {
			isa = PBXGroup;
			children = (
				53E06C482412B8A300A45DD3 /* Project 23 */,
				53E06C472412B8A300A45DD3 /* Products */,
			);
			sourceTree = "<group>";
		};
		53E06C472412B8A300A45DD3 /* Products */ = {
			isa = PBXGroup;
			children = (
				53E06C462412B8A300A45DD3 /* Project 23.app */,
			);
			name = Products;
			sourceTree = "<group>";
		};
		53E06C482412B8A300A45DD3 /* Project 23 */ = {
			isa = PBXGroup;
			children = (
				53E06C492412B8A300A45DD3 /* AppDelegate.swift */,
				53E06C4B2412B8A300A45DD3 /* GameScene.sks */,
				53E06C4F2412B8A300A45DD3 /* GameScene.swift */,
				53E06C512412B8A300A45DD3 /* GameViewController.swift */,
				53E06C532412B8A300A45DD3 /* Main.storyboard */,
				53E06C562412B8A400A45DD3 /* Assets.xcassets */,
				53E06C582412B8A400A45DD3 /* LaunchScreen.storyboard */,
				53E06C5B2412B8A400A45DD3 /* Info.plist */,
				53E06C612412BAB400A45DD3 /* explosion.caf */,
				53E06C632412BAB400A45DD3 /* launch.caf */,
				53E06C672412BAB500A45DD3 /* sliceBombFuse.caf */,
				53E06C6B2412BAB500A45DD3 /* sliceFuse.sks */,
				53E06C6A2412BAB500A45DD3 /* sliceHitBomb.sks */,
				53E06C622412BAB400A45DD3 /* sliceHitEnemy.sks */,
				53E06C682412BAB500A45DD3 /* swoosh1.caf */,
				53E06C652412BAB400A45DD3 /* swoosh2.caf */,
				53E06C692412BAB500A45DD3 /* swoosh3.caf */,
				53E06C642412BAB400A45DD3 /* whack.caf */,
				53E06C662412BAB400A45DD3 /* wrong.caf */,
			);
			path = "Project 23";
			sourceTree = "<group>";
		};
/* End PBXGroup section */

/* Begin PBXNativeTarget section */
		53E06C452412B8A300A45DD3 /* Project 23 */ = {
			isa = PBXNativeTarget;
			buildConfigurationList = 53E06C5E2412B8A400A45DD3 /* Build configuration list for PBXNativeTarget "Project 23" */;
			buildPhases = (
				53E06C422412B8A300A45DD3 /* Sources */,
				53E06C432412B8A300A45DD3 /* Frameworks */,
				53E06C442412B8A300A45DD3 /* Resources */,
			);
			buildRules = (
			);
			dependencies = (
			);
			name = "Project 23";
			productName = "Project 23";
			productReference = 53E06C462412B8A300A45DD3 /* Project 23.app */;
			productType = "com.apple.product-type.application";
		};
/* End PBXNativeTarget section */

/* Begin PBXProject section */
		53E06C3E2412B8A300A45DD3 /* Project object */ = {
			isa = PBXProject;
			attributes = {
				LastSwiftUpdateCheck = 1130;
				LastUpgradeCheck = 1130;
				ORGANIZATIONNAME = Andavazgar;
				TargetAttributes = {
					53E06C452412B8A300A45DD3 = {
						CreatedOnToolsVersion = 11.3.1;
					};
				};
			};
			buildConfigurationList = 53E06C412412B8A300A45DD3 /* Build configuration list for PBXProject "Project 23" */;
			compatibilityVersion = "Xcode 9.3";
			developmentRegion = en;
			hasScannedForEncodings = 0;
			knownRegions = (
				en,
				Base,
			);
			mainGroup = 53E06C3D2412B8A300A45DD3;
			productRefGroup = 53E06C472412B8A300A45DD3 /* Products */;
			projectDirPath = "";
			projectRoot = "";
			targets = (
				53E06C452412B8A300A45DD3 /* Project 23 */,
			);
		};
/* End PBXProject section */

/* Begin PBXResourcesBuildPhase section */
		53E06C442412B8A300A45DD3 /* Resources */ = {
			isa = PBXResourcesBuildPhase;
			buildActionMask = 2147483647;
			files = (
				53E06C552412B8A300A45DD3 /* Main.storyboard in Resources */,
				53E06C4C2412B8A300A45DD3 /* GameScene.sks in Resources */,
				53E06C762412BAB500A45DD3 /* sliceFuse.sks in Resources */,
				53E06C6C2412BAB500A45DD3 /* explosion.caf in Resources */,
				53E06C6E2412BAB500A45DD3 /* launch.caf in Resources */,
				53E06C752412BAB500A45DD3 /* sliceHitBomb.sks in Resources */,
				53E06C6D2412BAB500A45DD3 /* sliceHitEnemy.sks in Resources */,
				53E06C702412BAB500A45DD3 /* swoosh2.caf in Resources */,
				53E06C572412B8A400A45DD3 /* Assets.xcassets in Resources */,
				53E06C5A2412B8A400A45DD3 /* LaunchScreen.storyboard in Resources */,
				53E06C712412BAB500A45DD3 /* wrong.caf in Resources */,
				53E06C6F2412BAB500A45DD3 /* whack.caf in Resources */,
				53E06C742412BAB500A45DD3 /* swoosh3.caf in Resources */,
				53E06C722412BAB500A45DD3 /* sliceBombFuse.caf in Resources */,
				53E06C732412BAB500A45DD3 /* swoosh1.caf in Resources */,
			);
			runOnlyForDeploymentPostprocessing = 0;
		};
/* End PBXResourcesBuildPhase section */

/* Begin PBXSourcesBuildPhase section */
		53E06C422412B8A300A45DD3 /* Sources */ = {
			isa = PBXSourcesBuildPhase;
			buildActionMask = 2147483647;
			files = (
				53E06C502412B8A300A45DD3 /* GameScene.swift in Sources */,
				53E06C522412B8A300A45DD3 /* GameViewController.swift in Sources */,
				53E06C4A2412B8A300A45DD3 /* AppDelegate.swift in Sources */,
			);
			runOnlyForDeploymentPostprocessing = 0;
		};
/* End PBXSourcesBuildPhase section */

/* Begin PBXVariantGroup section */
		53E06C532412B8A300A45DD3 /* Main.storyboard */ = {
			isa = PBXVariantGroup;
			children = (
				53E06C542412B8A300A45DD3 /* Base */,
			);
			name = Main.storyboard;
			sourceTree = "<group>";
		};
		53E06C582412B8A400A45DD3 /* LaunchScreen.storyboard */ = {
			isa = PBXVariantGroup;
			children = (
				53E06C592412B8A400A45DD3 /* Base */,
			);
			name = LaunchScreen.storyboard;
			sourceTree = "<group>";
		};
/* End PBXVariantGroup section */

/* Begin XCBuildConfiguration section */
		53E06C5C2412B8A400A45DD3 /* Debug */ = {
			isa = XCBuildConfiguration;
			buildSettings = {
				ALWAYS_SEARCH_USER_PATHS = NO;
				CLANG_ANALYZER_NONNULL = YES;
				CLANG_ANALYZER_NUMBER_OBJECT_CONVERSION = YES_AGGRESSIVE;
				CLANG_CXX_LANGUAGE_STANDARD = "gnu++14";
				CLANG_CXX_LIBRARY = "libc++";
				CLANG_ENABLE_MODULES = YES;
				CLANG_ENABLE_OBJC_ARC = YES;
				CLANG_ENABLE_OBJC_WEAK = YES;
				CLANG_WARN_BLOCK_CAPTURE_AUTORELEASING = YES;
				CLANG_WARN_BOOL_CONVERSION = YES;
				CLANG_WARN_COMMA = YES;
				CLANG_WARN_CONSTANT_CONVERSION = YES;
				CLANG_WARN_DEPRECATED_OBJC_IMPLEMENTATIONS = YES;
				CLANG_WARN_DIRECT_OBJC_ISA_USAGE = YES_ERROR;
				CLANG_WARN_DOCUMENTATION_COMMENTS = YES;
				CLANG_WARN_EMPTY_BODY = YES;
				CLANG_WARN_ENUM_CONVERSION = YES;
				CLANG_WARN_INFINITE_RECURSION = YES;
				CLANG_WARN_INT_CONVERSION = YES;
				CLANG_WARN_NON_LITERAL_NULL_CONVERSION = YES;
				CLANG_WARN_OBJC_IMPLICIT_RETAIN_SELF = YES;
				CLANG_WARN_OBJC_LITERAL_CONVERSION = YES;
				CLANG_WARN_OBJC_ROOT_CLASS = YES_ERROR;
				CLANG_WARN_RANGE_LOOP_ANALYSIS = YES;
				CLANG_WARN_STRICT_PROTOTYPES = YES;
				CLANG_WARN_SUSPICIOUS_MOVE = YES;
				CLANG_WARN_UNGUARDED_AVAILABILITY = YES_AGGRESSIVE;
				CLANG_WARN_UNREACHABLE_CODE = YES;
				CLANG_WARN__DUPLICATE_METHOD_MATCH = YES;
				COPY_PHASE_STRIP = NO;
				DEBUG_INFORMATION_FORMAT = dwarf;
				ENABLE_STRICT_OBJC_MSGSEND = YES;
				ENABLE_TESTABILITY = YES;
				GCC_C_LANGUAGE_STANDARD = gnu11;
				GCC_DYNAMIC_NO_PIC = NO;
				GCC_NO_COMMON_BLOCKS = YES;
				GCC_OPTIMIZATION_LEVEL = 0;
				GCC_PREPROCESSOR_DEFINITIONS = (
					"DEBUG=1",
					"$(inherited)",
				);
				GCC_WARN_64_TO_32_BIT_CONVERSION = YES;
				GCC_WARN_ABOUT_RETURN_TYPE = YES_ERROR;
				GCC_WARN_UNDECLARED_SELECTOR = YES;
				GCC_WARN_UNINITIALIZED_AUTOS = YES_AGGRESSIVE;
				GCC_WARN_UNUSED_FUNCTION = YES;
				GCC_WARN_UNUSED_VARIABLE = YES;
				IPHONEOS_DEPLOYMENT_TARGET = 13.2;
				MTL_ENABLE_DEBUG_INFO = INCLUDE_SOURCE;
				MTL_FAST_MATH = YES;
				ONLY_ACTIVE_ARCH = YES;
				SDKROOT = iphoneos;
				SWIFT_ACTIVE_COMPILATION_CONDITIONS = DEBUG;
				SWIFT_OPTIMIZATION_LEVEL = "-Onone";
			};
			name = Debug;
		};
		53E06C5D2412B8A400A45DD3 /* Release */ = {
			isa = XCBuildConfiguration;
			buildSettings = {
				ALWAYS_SEARCH_USER_PATHS = NO;
				CLANG_ANALYZER_NONNULL = YES;
				CLANG_ANALYZER_NUMBER_OBJECT_CONVERSION = YES_AGGRESSIVE;
				CLANG_CXX_LANGUAGE_STANDARD = "gnu++14";
				CLANG_CXX_LIBRARY = "libc++";
				CLANG_ENABLE_MODULES = YES;
				CLANG_ENABLE_OBJC_ARC = YES;
				CLANG_ENABLE_OBJC_WEAK = YES;
				CLANG_WARN_BLOCK_CAPTURE_AUTORELEASING = YES;
				CLANG_WARN_BOOL_CONVERSION = YES;
				CLANG_WARN_COMMA = YES;
				CLANG_WARN_CONSTANT_CONVERSION = YES;
				CLANG_WARN_DEPRECATED_OBJC_IMPLEMENTATIONS = YES;
				CLANG_WARN_DIRECT_OBJC_ISA_USAGE = YES_ERROR;
				CLANG_WARN_DOCUMENTATION_COMMENTS = YES;
				CLANG_WARN_EMPTY_BODY = YES;
				CLANG_WARN_ENUM_CONVERSION = YES;
				CLANG_WARN_INFINITE_RECURSION = YES;
				CLANG_WARN_INT_CONVERSION = YES;
				CLANG_WARN_NON_LITERAL_NULL_CONVERSION = YES;
				CLANG_WARN_OBJC_IMPLICIT_RETAIN_SELF = YES;
				CLANG_WARN_OBJC_LITERAL_CONVERSION = YES;
				CLANG_WARN_OBJC_ROOT_CLASS = YES_ERROR;
				CLANG_WARN_RANGE_LOOP_ANALYSIS = YES;
				CLANG_WARN_STRICT_PROTOTYPES = YES;
				CLANG_WARN_SUSPICIOUS_MOVE = YES;
				CLANG_WARN_UNGUARDED_AVAILABILITY = YES_AGGRESSIVE;
				CLANG_WARN_UNREACHABLE_CODE = YES;
				CLANG_WARN__DUPLICATE_METHOD_MATCH = YES;
				COPY_PHASE_STRIP = NO;
				DEBUG_INFORMATION_FORMAT = "dwarf-with-dsym";
				ENABLE_NS_ASSERTIONS = NO;
				ENABLE_STRICT_OBJC_MSGSEND = YES;
				GCC_C_LANGUAGE_STANDARD = gnu11;
				GCC_NO_COMMON_BLOCKS = YES;
				GCC_WARN_64_TO_32_BIT_CONVERSION = YES;
				GCC_WARN_ABOUT_RETURN_TYPE = YES_ERROR;
				GCC_WARN_UNDECLARED_SELECTOR = YES;
				GCC_WARN_UNINITIALIZED_AUTOS = YES_AGGRESSIVE;
				GCC_WARN_UNUSED_FUNCTION = YES;
				GCC_WARN_UNUSED_VARIABLE = YES;
				IPHONEOS_DEPLOYMENT_TARGET = 13.2;
				MTL_ENABLE_DEBUG_INFO = NO;
				MTL_FAST_MATH = YES;
				SDKROOT = iphoneos;
				SWIFT_COMPILATION_MODE = wholemodule;
				SWIFT_OPTIMIZATION_LEVEL = "-O";
				VALIDATE_PRODUCT = YES;
			};
			name = Release;
		};
		53E06C5F2412B8A400A45DD3 /* Debug */ = {
			isa = XCBuildConfiguration;
			buildSettings = {
				ASSETCATALOG_COMPILER_APPICON_NAME = AppIcon;
				CODE_SIGN_STYLE = Automatic;
				DEVELOPMENT_TEAM = WSR8557KHP;
				INFOPLIST_FILE = "Project 23/Info.plist";
				LD_RUNPATH_SEARCH_PATHS = (
					"$(inherited)",
					"@executable_path/Frameworks",
				);
				PRODUCT_BUNDLE_IDENTIFIER = "com.andavazgar.Project-23";
				PRODUCT_NAME = "$(TARGET_NAME)";
				SWIFT_VERSION = 5.0;
				TARGETED_DEVICE_FAMILY = 2;
			};
			name = Debug;
		};
		53E06C602412B8A400A45DD3 /* Release */ = {
			isa = XCBuildConfiguration;
			buildSettings = {
				ASSETCATALOG_COMPILER_APPICON_NAME = AppIcon;
				CODE_SIGN_STYLE = Automatic;
				DEVELOPMENT_TEAM = WSR8557KHP;
				INFOPLIST_FILE = "Project 23/Info.plist";
				LD_RUNPATH_SEARCH_PATHS = (
					"$(inherited)",
					"@executable_path/Frameworks",
				);
				PRODUCT_BUNDLE_IDENTIFIER = "com.andavazgar.Project-23";
				PRODUCT_NAME = "$(TARGET_NAME)";
				SWIFT_VERSION = 5.0;
				TARGETED_DEVICE_FAMILY = 2;
			};
			name = Release;
		};
/* End XCBuildConfiguration section */

/* Begin XCConfigurationList section */
		53E06C412412B8A300A45DD3 /* Build configuration list for PBXProject "Project 23" */ = {
			isa = XCConfigurationList;
			buildConfigurations = (
				53E06C5C2412B8A400A45DD3 /* Debug */,
				53E06C5D2412B8A400A45DD3 /* Release */,
			);
			defaultConfigurationIsVisible = 0;
			defaultConfigurationName = Release;
		};
		53E06C5E2412B8A400A45DD3 /* Build configuration list for PBXNativeTarget "Project 23" */ = {
			isa = XCConfigurationList;
			buildConfigurations = (
				53E06C5F2412B8A400A45DD3 /* Debug */,
				53E06C602412B8A400A45DD3 /* Release */,
			);
			defaultConfigurationIsVisible = 0;
			defaultConfigurationName = Release;
		};
/* End XCConfigurationList section */
	};
	rootObject = 53E06C3E2412B8A300A45DD3 /* Project object */;
}
